
Microsoft Visual Studio Solution File, Format Version 12.00
# Visual Studio Version 16
VisualStudioVersion = 16.0.30413.136
MinimumVisualStudioVersion = 10.0.40219.1
Project("{FAE04EC0-301F-11D3-BF4B-00C04F79EFBC}") = "3-5 Temperature Converter", "3-5 Temperature Converter\3-5 Temperature Converter.csproj", "{1EAC653B-7300-4FC1-AAFB-62F303304DBB}"
EndProject
Global
	GlobalSection(SolutionConfigurationPlatforms) = preSolution
		Debug|Any CPU = Debug|Any CPU
		Release|Any CPU = Release|Any CPU
	EndGlobalSection
	GlobalSection(ProjectConfigurationPlatforms) = postSolution
		{1EAC653B-7300-4FC1-AAFB-62F303304DBB}.Debug|Any CPU.ActiveCfg = Debug|Any CPU
		{1EAC653B-7300-4FC1-AAFB-62F303304DBB}.Debug|Any CPU.Build.0 = Debug|Any CPU
		{1EAC653B-7300-4FC1-AAFB-62F303304DBB}.Release|Any CPU.ActiveCfg = Release|Any CPU
		{1EAC653B-7300-4FC1-AAFB-62F303304DBB}.Release|Any CPU.Build.0 = Release|Any CPU
	EndGlobalSection
	GlobalSection(SolutionProperties) = preSolution
		HideSolutionNode = FALSE
	EndGlobalSection
	GlobalSection(ExtensibilityGlobals) = postSolution
		SolutionGuid = {5D354566-3C05-4B2F-9636-16304B83F8CA}
	EndGlobalSection
EndGlobal
